
Microsoft Visual Studio Solution File, Format Version 12.00
# Visual Studio Version 16
VisualStudioVersion = 16.0.29911.84
MinimumVisualStudioVersion = 10.0.40219.1
Project("{FAE04EC0-301F-11D3-BF4B-00C04F79EFBC}") = "EDII_PROYECTO", "EDII_PROYECTO.csproj", "{096C6F40-CFF1-470D-BA78-D1207E73571F}"
EndProject
Global
	GlobalSection(SolutionConfigurationPlatforms) = preSolution
		Debug|Any CPU = Debug|Any CPU
		Release|Any CPU = Release|Any CPU
	EndGlobalSection
	GlobalSection(ProjectConfigurationPlatforms) = postSolution
		{096C6F40-CFF1-470D-BA78-D1207E73571F}.Debug|Any CPU.ActiveCfg = Debug|Any CPU
		{096C6F40-CFF1-470D-BA78-D1207E73571F}.Debug|Any CPU.Build.0 = Debug|Any CPU
		{096C6F40-CFF1-470D-BA78-D1207E73571F}.Release|Any CPU.ActiveCfg = Release|Any CPU
		{096C6F40-CFF1-470D-BA78-D1207E73571F}.Release|Any CPU.Build.0 = Release|Any CPU
	EndGlobalSection
	GlobalSection(SolutionProperties) = preSolution
		HideSolutionNode = FALSE
	EndGlobalSection
	GlobalSection(ExtensibilityGlobals) = postSolution
		SolutionGuid = {B1252C09-E2EE-4022-BBCA-3067C66817AC}
	EndGlobalSection
EndGlobal
